
Microsoft Visual Studio Solution File, Format Version 12.00
# Visual Studio Version 17
VisualStudioVersion = 17.0.31919.166
MinimumVisualStudioVersion = 10.0.40219.1
Project("{FAE04EC0-301F-11D3-BF4B-00C04F79EFBC}") = "НедоНейроСеть", "НедоНейроСеть\НедоНейроСеть.csproj", "{CA032D9F-A9BF-4E16-9A51-B8DD4FB020CA}"
EndProject
Global
	GlobalSection(SolutionConfigurationPlatforms) = preSolution
		Debug|Any CPU = Debug|Any CPU
		Release|Any CPU = Release|Any CPU
	EndGlobalSection
	GlobalSection(ProjectConfigurationPlatforms) = postSolution
		{CA032D9F-A9BF-4E16-9A51-B8DD4FB020CA}.Debug|Any CPU.ActiveCfg = Debug|Any CPU
		{CA032D9F-A9BF-4E16-9A51-B8DD4FB020CA}.Debug|Any CPU.Build.0 = Debug|Any CPU
		{CA032D9F-A9BF-4E16-9A51-B8DD4FB020CA}.Release|Any CPU.ActiveCfg = Release|Any CPU
		{CA032D9F-A9BF-4E16-9A51-B8DD4FB020CA}.Release|Any CPU.Build.0 = Release|Any CPU
	EndGlobalSection
	GlobalSection(SolutionProperties) = preSolution
		HideSolutionNode = FALSE
	EndGlobalSection
	GlobalSection(ExtensibilityGlobals) = postSolution
		SolutionGuid = {3BC02E69-4438-41BD-931D-3FF40FEFAAC5}
	EndGlobalSection
EndGlobal
